Microsoft Visual Studio Solution File, Format Version 12.00
# Visual Studio Version 17
VisualStudioVersion = 17.14.35821.62
MinimumVisualStudioVersion = 10.0.40219.1
Project("{FAE04EC0-301F-11D3-BF4B-00C04F79EFBC}") = "PersonContact", "PersonContact.csproj", "{933F4F9E-CFAE-4213-937C-A35C9930D2DC}"
EndProject
Global
	GlobalSection(SolutionConfigurationPlatforms) = preSolution
		Debug|Any CPU = Debug|Any CPU
		Release|Any CPU = Release|Any CPU
	EndGlobalSection
	GlobalSection(ProjectConfigurationPlatforms) = postSolution
		{933F4F9E-CFAE-4213-937C-A35C9930D2DC}.Debug|Any CPU.ActiveCfg = Debug|Any CPU
		{933F4F9E-CFAE-4213-937C-A35C9930D2DC}.Debug|Any CPU.Build.0 = Debug|Any CPU
		{933F4F9E-CFAE-4213-937C-A35C9930D2DC}.Release|Any CPU.ActiveCfg = Release|Any CPU
		{933F4F9E-CFAE-4213-937C-A35C9930D2DC}.Release|Any CPU.Build.0 = Release|Any CPU
	EndGlobalSection
	GlobalSection(SolutionProperties) = preSolution
		HideSolutionNode = FALSE
	EndGlobalSection
	GlobalSection(ExtensibilityGlobals) = postSolution
		SolutionGuid = {AC9000DB-729C-4E9E-BD16-C3AAD4B2C054}
	EndGlobalSection
EndGlobal
